
Microsoft Visual Studio Solution File, Format Version 12.00
# Visual Studio Version 16
VisualStudioVersion = 16.0.31129.286
MinimumVisualStudioVersion = 10.0.40219.1
Project("{8BC9CEB8-8B4A-11D0-8D11-00A0C91BC942}") = "bogo_sort", "bogo_sort\bogo_sort.vcxproj", "{16EBF44B-0EF6-482D-B64D-E135EDBC7D8A}"
EndProject
Project("{8BC9CEB8-8B4A-11D0-8D11-00A0C91BC942}") = "permutation_sort", "permutation_sort\permutation_sort.vcxproj", "{72F4B9E3-55AC-40F5-9DDB-3FEEFC89FF94}"
EndProject
Project("{8BC9CEB8-8B4A-11D0-8D11-00A0C91BC942}") = "bubble_sort", "bubble_sort\bubble_sort.vcxproj", "{C876E705-363E-4AC6-A306-7C91A0992FA3}"
EndProject
Project("{8BC9CEB8-8B4A-11D0-8D11-00A0C91BC942}") = "selection_sort", "selection_sort\selection_sort.vcxproj", "{8A4DB9F4-1481-4279-9588-8A7BE9DE379D}"
EndProject
Project("{8BC9CEB8-8B4A-11D0-8D11-00A0C91BC942}") = "insertion_sort", "insertion_sort\insertion_sort.vcxproj", "{8975D64C-3E65-412B-A54E-47253AF74697}"
EndProject
Project("{8BC9CEB8-8B4A-11D0-8D11-00A0C91BC942}") = "heap_sort", "heap_sort\heap_sort.vcxproj", "{BCF06CCE-EA00-4C8C-8618-36455E235E7F}"
EndProject
Project("{8BC9CEB8-8B4A-11D0-8D11-00A0C91BC942}") = "shell_sort", "shell_sort\shell_sort.vcxproj", "{60A751DA-47F1-476B-AD93-0A0965DD0418}"
EndProject
Project("{8BC9CEB8-8B4A-11D0-8D11-00A0C91BC942}") = "merge_sort", "merge_sort\merge_sort.vcxproj", "{54F0D197-584A-4317-AEE8-468A9A8B96FC}"
EndProject
Project("{8BC9CEB8-8B4A-11D0-8D11-00A0C91BC942}") = "quick_sort", "quick_sort\quick_sort.vcxproj", "{14CB8B75-3BE9-4D11-A0A2-9A018239DE2B}"
EndProject
Project("{8BC9CEB8-8B4A-11D0-8D11-00A0C91BC942}") = "SORTING_ALGORITHMS", "SORTING_ALGORITHMS\SORTING_ALGORITHMS.vcxproj", "{A8B69C6E-6D72-415E-B993-44F308ACA066}"
EndProject
Global
	GlobalSection(SolutionConfigurationPlatforms) = preSolution
		Debug|x64 = Debug|x64
		Debug|x86 = Debug|x86
		Release|x64 = Release|x64
		Release|x86 = Release|x86
	EndGlobalSection
	GlobalSection(ProjectConfigurationPlatforms) = postSolution
		{16EBF44B-0EF6-482D-B64D-E135EDBC7D8A}.Debug|x64.ActiveCfg = Debug|x64
		{16EBF44B-0EF6-482D-B64D-E135EDBC7D8A}.Debug|x64.Build.0 = Debug|x64
		{16EBF44B-0EF6-482D-B64D-E135EDBC7D8A}.Debug|x86.ActiveCfg = Debug|Win32
		{16EBF44B-0EF6-482D-B64D-E135EDBC7D8A}.Debug|x86.Build.0 = Debug|Win32
		{16EBF44B-0EF6-482D-B64D-E135EDBC7D8A}.Release|x64.ActiveCfg = Release|x64
		{16EBF44B-0EF6-482D-B64D-E135EDBC7D8A}.Release|x64.Build.0 = Release|x64
		{16EBF44B-0EF6-482D-B64D-E135EDBC7D8A}.Release|x86.ActiveCfg = Release|Win32
		{16EBF44B-0EF6-482D-B64D-E135EDBC7D8A}.Release|x86.Build.0 = Release|Win32
		{72F4B9E3-55AC-40F5-9DDB-3FEEFC89FF94}.Debug|x64.ActiveCfg = Debug|x64
		{72F4B9E3-55AC-40F5-9DDB-3FEEFC89FF94}.Debug|x64.Build.0 = Debug|x64
		{72F4B9E3-55AC-40F5-9DDB-3FEEFC89FF94}.Debug|x86.ActiveCfg = Debug|Win32
		{72F4B9E3-55AC-40F5-9DDB-3FEEFC89FF94}.Debug|x86.Build.0 = Debug|Win32
		{72F4B9E3-55AC-40F5-9DDB-3FEEFC89FF94}.Release|x64.ActiveCfg = Release|x64
		{72F4B9E3-55AC-40F5-9DDB-3FEEFC89FF94}.Release|x64.Build.0 = Release|x64
		{72F4B9E3-55AC-40F5-9DDB-3FEEFC89FF94}.Release|x86.ActiveCfg = Release|Win32
		{72F4B9E3-55AC-40F5-9DDB-3FEEFC89FF94}.Release|x86.Build.0 = Release|Win32
		{C876E705-363E-4AC6-A306-7C91A0992FA3}.Debug|x64.ActiveCfg = Debug|x64
		{C876E705-363E-4AC6-A306-7C91A0992FA3}.Debug|x64.Build.0 = Debug|x64
		{C876E705-363E-4AC6-A306-7C91A0992FA3}.Debug|x86.ActiveCfg = Debug|Win32
		{C876E705-363E-4AC6-A306-7C91A0992FA3}.Debug|x86.Build.0 = Debug|Win32
		{C876E705-363E-4AC6-A306-7C91A0992FA3}.Release|x64.ActiveCfg = Release|x64
		{C876E705-363E-4AC6-A306-7C91A0992FA3}.Release|x64.Build.0 = Release|x64
		{C876E705-363E-4AC6-A306-7C91A0992FA3}.Release|x86.ActiveCfg = Release|Win32
		{C876E705-363E-4AC6-A306-7C91A0992FA3}.Release|x86.Build.0 = Release|Win32
		{8A4DB9F4-1481-4279-9588-8A7BE9DE379D}.Debug|x64.ActiveCfg = Debug|x64
		{8A4DB9F4-1481-4279-9588-8A7BE9DE379D}.Debug|x64.Build.0 = Debug|x64
		{8A4DB9F4-1481-4279-9588-8A7BE9DE379D}.Debug|x86.ActiveCfg = Debug|Win32
		{8A4DB9F4-1481-4279-9588-8A7BE9DE379D}.Debug|x86.Build.0 = Debug|Win32
		{8A4DB9F4-1481-4279-9588-8A7BE9DE379D}.Release|x64.ActiveCfg = Release|x64
		{8A4DB9F4-1481-4279-9588-8A7BE9DE379D}.Release|x64.Build.0 = Release|x64
		{8A4DB9F4-1481-4279-9588-8A7BE9DE379D}.Release|x86.ActiveCfg = Release|Win32
		{8A4DB9F4-1481-4279-9588-8A7BE9DE379D}.Release|x86.Build.0 = Release|Win32
		{8975D64C-3E65-412B-A54E-47253AF74697}.Debug|x64.ActiveCfg = Debug|x64
		{8975D64C-3E65-412B-A54E-47253AF74697}.Debug|x64.Build.0 = Debug|x64
		{8975D64C-3E65-412B-A54E-47253AF74697}.Debug|x86.ActiveCfg = Debug|Win32
		{8975D64C-3E65-412B-A54E-47253AF74697}.Debug|x86.Build.0 = Debug|Win32
		{8975D64C-3E65-412B-A54E-47253AF74697}.Release|x64.ActiveCfg = Release|x64
		{8975D64C-3E65-412B-A54E-47253AF74697}.Release|x64.Build.0 = Release|x64
		{8975D64C-3E65-412B-A54E-47253AF74697}.Release|x86.ActiveCfg = Release|Win32
		{8975D64C-3E65-412B-A54E-47253AF74697}.Release|x86.Build.0 = Release|Win32
		{BCF06CCE-EA00-4C8C-8618-36455E235E7F}.Debug|x64.ActiveCfg = Debug|x64
		{BCF06CCE-EA00-4C8C-8618-36455E235E7F}.Debug|x64.Build.0 = Debug|x64
		{BCF06CCE-EA00-4C8C-8618-36455E235E7F}.Debug|x86.ActiveCfg = Debug|Win32
		{BCF06CCE-EA00-4C8C-8618-36455E235E7F}.Debug|x86.Build.0 = Debug|Win32
		{BCF06CCE-EA00-4C8C-8618-36455E235E7F}.Release|x64.ActiveCfg = Release|x64
		{BCF06CCE-EA00-4C8C-8618-36455E235E7F}.Release|x64.Build.0 = Release|x64
		{BCF06CCE-EA00-4C8C-8618-36455E235E7F}.Release|x86.ActiveCfg = Release|Win32
		{BCF06CCE-EA00-4C8C-8618-36455E235E7F}.Release|x86.Build.0 = Release|Win32
		{60A751DA-47F1-476B-AD93-0A0965DD0418}.Debug|x64.ActiveCfg = Debug|x64
		{60A751DA-47F1-476B-AD93-0A0965DD0418}.Debug|x64.Build.0 = Debug|x64
		{60A751DA-47F1-476B-AD93-0A0965DD0418}.Debug|x86.ActiveCfg = Debug|Win32
		{60A751DA-47F1-476B-AD93-0A0965DD0418}.Debug|x86.Build.0 = Debug|Win32
		{60A751DA-47F1-476B-AD93-0A0965DD0418}.Release|x64.ActiveCfg = Release|x64
		{60A751DA-47F1-476B-AD93-0A0965DD0418}.Release|x64.Build.0 = Release|x64
		{60A751DA-47F1-476B-AD93-0A0965DD0418}.Release|x86.ActiveCfg = Release|Win32
		{60A751DA-47F1-476B-AD93-0A0965DD0418}.Release|x86.Build.0 = Release|Win32
		{54F0D197-584A-4317-AEE8-468A9A8B96FC}.Debug|x64.ActiveCfg = Debug|x64
		{54F0D197-584A-4317-AEE8-468A9A8B96FC}.Debug|x64.Build.0 = Debug|x64
		{54F0D197-584A-4317-AEE8-468A9A8B96FC}.Debug|x86.ActiveCfg = Debug|Win32
		{54F0D197-584A-4317-AEE8-468A9A8B96FC}.Debug|x86.Build.0 = Debug|Win32
		{54F0D197-584A-4317-AEE8-468A9A8B96FC}.Release|x64.ActiveCfg = Release|x64
		{54F0D197-584A-4317-AEE8-468A9A8B96FC}.Release|x64.Build.0 = Release|x64
		{54F0D197-584A-4317-AEE8-468A9A8B96FC}.Release|x86.ActiveCfg = Release|Win32
		{54F0D197-584A-4317-AEE8-468A9A8B96FC}.Release|x86.Build.0 = Release|Win32
		{14CB8B75-3BE9-4D11-A0A2-9A018239DE2B}.Debug|x64.ActiveCfg = Debug|x64
		{14CB8B75-3BE9-4D11-A0A2-9A018239DE2B}.Debug|x64.Build.0 = Debug|x64
		{14CB8B75-3BE9-4D11-A0A2-9A018239DE2B}.Debug|x86.ActiveCfg = Debug|Win32
		{14CB8B75-3BE9-4D11-A0A2-9A018239DE2B}.Debug|x86.Build.0 = Debug|Win32
		{14CB8B75-3BE9-4D11-A0A2-9A018239DE2B}.Release|x64.ActiveCfg = Release|x64
		{14CB8B75-3BE9-4D11-A0A2-9A018239DE2B}.Release|x64.Build.0 = Release|x64
		{14CB8B75-3BE9-4D11-A0A2-9A018239DE2B}.Release|x86.ActiveCfg = Release|Win32
		{14CB8B75-3BE9-4D11-A0A2-9A018239DE2B}.Release|x86.Build.0 = Release|Win32
		{A8B69C6E-6D72-415E-B993-44F308ACA066}.Debug|x64.ActiveCfg = Debug|x64
		{A8B69C6E-6D72-415E-B993-44F308ACA066}.Debug|x64.Build.0 = Debug|x64
		{A8B69C6E-6D72-415E-B993-44F308ACA066}.Debug|x86.ActiveCfg = Debug|Win32
		{A8B69C6E-6D72-415E-B993-44F308ACA066}.Debug|x86.Build.0 = Debug|Win32
		{A8B69C6E-6D72-415E-B993-44F308ACA066}.Release|x64.ActiveCfg = Release|x64
		{A8B69C6E-6D72-415E-B993-44F308ACA066}.Release|x64.Build.0 = Release|x64
		{A8B69C6E-6D72-415E-B993-44F308ACA066}.Release|x86.ActiveCfg = Release|Win32
		{A8B69C6E-6D72-415E-B993-44F308ACA066}.Release|x86.Build.0 = Release|Win32
	EndGlobalSection
	GlobalSection(SolutionProperties) = preSolution
		HideSolutionNode = FALSE
	EndGlobalSection
	GlobalSection(ExtensibilityGlobals) = postSolution
		SolutionGuid = {6C89ED8E-8F26-466F-968F-A95C83790A18}
	EndGlobalSection
EndGlobal
